
Microsoft Visual Studio Solution File, Format Version 12.00
# Visual Studio Version 17
VisualStudioVersion = 17.5.33502.453
MinimumVisualStudioVersion = 10.0.40219.1
Project("{FAE04EC0-301F-11D3-BF4B-00C04F79EFBC}") = "MSIT158API", "MSIT158API.csproj", "{9AFF78A8-FC6E-41D3-BAAC-B7B2DF04932E}"
EndProject
Global
	GlobalSection(SolutionConfigurationPlatforms) = preSolution
		Debug|Any CPU = Debug|Any CPU
		Release|Any CPU = Release|Any CPU
	EndGlobalSection
	GlobalSection(ProjectConfigurationPlatforms) = postSolution
		{9AFF78A8-FC6E-41D3-BAAC-B7B2DF04932E}.Debug|Any CPU.ActiveCfg = Debug|Any CPU
		{9AFF78A8-FC6E-41D3-BAAC-B7B2DF04932E}.Debug|Any CPU.Build.0 = Debug|Any CPU
		{9AFF78A8-FC6E-41D3-BAAC-B7B2DF04932E}.Release|Any CPU.ActiveCfg = Release|Any CPU
		{9AFF78A8-FC6E-41D3-BAAC-B7B2DF04932E}.Release|Any CPU.Build.0 = Release|Any CPU
	EndGlobalSection
	GlobalSection(SolutionProperties) = preSolution
		HideSolutionNode = FALSE
	EndGlobalSection
	GlobalSection(ExtensibilityGlobals) = postSolution
		SolutionGuid = {804EC4CB-F345-4348-832A-FB381E20B47C}
	EndGlobalSection
EndGlobal
